[[package]]
name = "attrs"
version = "22.2.0"
description = "Classes Without Boilerplate"
category = "main"
optional = false
python-versions = ">=3.6"

[package.extras]
cov = ["attrs[tests]", "coverage-enable-subprocess", "coverage[toml] (>=5.3)"]
dev = ["attrs[docs,tests]"]
docs = ["furo", "myst-parser", "sphinx", "sphinx-notfound-page", "sphinxcontrib-towncrier", "towncrier", "zope.interface"]
tests = ["attrs[tests-no-zope]", "zope.interface"]
tests-no-zope = ["cloudpickle", "cloudpickle", "hypothesis", "hypothesis", "mypy (>=0.971,<0.990)", "mypy (>=0.971,<0.990)", "pympler", "pympler", "pytest (>=4.3.0)", "pytest (>=4.3.0)", "pytest-mypy-plugins", "pytest-mypy-plugins", "pytest-xdist[psutil]", "pytest-xdist[psutil]"]

[[package]]
name = "bitarray"
version = "2.7.2"
description = "efficient arrays of booleans -- C extension"
category = "main"
optional = false
python-versions = "*"

[[package]]
name = "colorama"
version = "0.4.6"
description = "Cross-platform colored terminal text."
category = "main"
optional = false
python-versions = "!=3.0.*,!=3.1.*,!=3.2.*,!=3.3.*,!=3.4.*,!=3.5.*,!=3.6.*,>=2.7"

[[package]]
name = "coverage"
version = "7.1.0"
description = "Code coverage measurement for Python"
category = "main"
optional = false
python-versions = ">=3.7"

[package.extras]
toml = ["tomli"]

[[package]]
name = "exceptiongroup"
version = "1.1.0"
description = "Backport of PEP 654 (exception groups)"
category = "main"
optional = false
python-versions = ">=3.7"

[package.extras]
test = ["pytest (>=6)"]

[[package]]
name = "importlib-metadata"
version = "6.0.0"
description = "Read metadata from Python packages"
category = "main"
optional = false
python-versions = ">=3.7"

[package.dependencies]
typing-extensions = {version = ">=3.6.4", markers = "python_version < \"3.8\""}
zipp = ">=0.5"

[package.extras]
docs = ["furo", "jaraco.packaging (>=9)", "jaraco.tidelift (>=1.4)", "rst.linker (>=1.9)", "sphinx (>=3.5)", "sphinx-lint"]
perf = ["ipython"]
testing = ["flake8 (<5)", "flufl.flake8", "importlib-resources (>=1.3)", "packaging", "pyfakefs", "pytest (>=6)", "pytest-black (>=0.3.7)", "pytest-checkdocs (>=2.4)", "pytest-cov", "pytest-enabler (>=1.3)", "pytest-flake8", "pytest-mypy (>=0.9.1)", "pytest-perf (>=0.9.2)"]

[[package]]
name = "iniconfig"
version = "2.0.0"
description = "brain-dead simple config-ini parsing"
category = "main"
optional = false
python-versions = ">=3.7"

[[package]]
name = "packaging"
version = "23.0"
description = "Core utilities for Python packages"
category = "main"
optional = false
python-versions = ">=3.7"

[[package]]
name = "pluggy"
version = "1.0.0"
description = "plugin and hook calling mechanisms for python"
category = "main"
optional = false
python-versions = ">=3.6"

[package.dependencies]
importlib-metadata = {version = ">=0.12", markers = "python_version < \"3.8\""}

[package.extras]
dev = ["pre-commit", "tox"]
testing = ["pytest", "pytest-benchmark"]

[[package]]
name = "pytest"
version = "7.2.1"
description = "pytest: simple powerful testing with Python"
category = "main"
optional = false
python-versions = ">=3.7"

[package.dependencies]
attrs = ">=19.2.0"
colorama = {version = "*", markers = "sys_platform == \"win32\""}
exceptiongroup = {version = ">=1.0.0rc8", markers = "python_version < \"3.11\""}
importlib-metadata = {version = ">=0.12", markers = "python_version < \"3.8\""}
iniconfig = "*"
packaging = "*"
pluggy = ">=0.12,<2.0"
tomli = {version = ">=1.0.0", markers = "python_version < \"3.11\""}

[package.extras]
testing = ["argcomplete", "hypothesis (>=3.56)", "mock", "nose", "pygments (>=2.7.2)", "requests", "xmlschema"]

[[package]]
name = "tomli"
version = "2.0.1"
description = "A lil' TOML parser"
category = "main"
optional = false
python-versions = ">=3.7"

[[package]]
name = "typing-extensions"
version = "4.5.0"
description = "Backported and Experimental Type Hints for Python 3.7+"
category = "main"
optional = false
python-versions = ">=3.7"

[[package]]
name = "zipp"
version = "3.14.0"
description = "Backport of pathlib-compatible object wrapper for zip files"
category = "main"
optional = false
python-versions = ">=3.7"

[package.extras]
docs = ["furo", "jaraco.packaging (>=9)", "jaraco.tidelift (>=1.4)", "rst.linker (>=1.9)", "sphinx (>=3.5)", "sphinx-lint"]
testing = ["flake8 (<5)", "func-timeout", "jaraco.functools", "jaraco.itertools", "more-itertools", "pytest (>=6)", "pytest-black (>=0.3.7)", "pytest-checkdocs (>=2.4)", "pytest-cov", "pytest-enabler (>=1.3)", "pytest-flake8", "pytest-mypy (>=0.9.1)"]

[metadata]
lock-version = "1.1"
python-versions = "^3.7"
content-hash = "18f8c362edd0af52beb2a647936a86d6cf1209abcf549fc36a50a865577d3640"

[metadata.files]
attrs = [
    {file = "attrs-22.2.0-py3-none-any.whl", hash = "sha256:29e95c7f6778868dbd49170f98f8818f78f3dc5e0e37c0b1f474e3561b240836"},
    {file = "attrs-22.2.0.tar.gz", hash = "sha256:c9227bfc2f01993c03f68db37d1d15c9690188323c067c641f1a35ca58185f99"},
]
bitarray = [
    {file = "bitarray-2.7.2-cp310-cp310-macosx_10_9_universal2.whl", hash = "sha256:823346ea803da6cfd4d67ffd04cc158ba1f016123c3e1fbdef893c6f13d5eddc"},
    {file = "bitarray-2.7.2-cp310-cp310-macosx_10_9_x86_64.whl", hash = "sha256:79450ed20fb7f10e9fc5f1ebe5900748159afd5017275ece8c2be52b3b1c57bc"},
    {file = "bitarray-2.7.2-cp310-cp310-macosx_11_0_arm64.whl", hash = "sha256:f3d2f0e7ac483b170e755d0776513127b0d68c36470f9d80cb8d5cdfcc8bcdbb"},
    {file = "bitarray-2.7.2-cp310-cp310-manylinux_2_17_aarch64.manylinux2014_aarch64.whl", hash = "sha256:714cdab2cfae514052791860946af0d5aaeb34b13065a0536b6701e6f1f21807"},
    {file = "bitarray-2.7.2-cp310-cp310-manylinux_2_17_ppc64le.manylinux2014_ppc64le.whl", hash = "sha256:934ed03695448e1676d4fca19e4c2508ced38ac32142a76c459125e335443ae3"},
    {file = "bitarray-2.7.2-cp310-cp310-manylinux_2_17_s390x.manylinux2014_s390x.whl", hash = "sha256:46de0402d5de5d65548827708726590d5f67884d78f04fc90e2b380ed96198d8"},
    {file = "bitarray-2.7.2-cp310-cp310-manylinux_2_17_x86_64.manylinux2014_x86_64.whl", hash = "sha256:7021bf935c9dfe9a6d98aba2e60dd52e3611fba520c2ae76394c50c5b6dc1f46"},
    {file = "bitarray-2.7.2-cp310-cp310-manylinux_2_5_i686.manylinux1_i686.manylinux_2_17_i686.manylinux2014_i686.whl", hash = "sha256:b2a9f2104123e3124708c9f99daf59e2d71ca46c97ea9740554f2d3e96a059a7"},
    {file = "bitarray-2.7.2-cp310-cp310-musllinux_1_1_aarch64.whl", hash = "sha256:56ad19e34dcbbd6a80cbf45a31c202395def67579748813a6943f31507dd59be"},
    {file = "bitarray-2.7.2-cp310-cp310-musllinux_1_1_i686.whl", hash = "sha256:f18f29265a41f8c420e82530c0fda6cbac30032d2e2d1a36862f99fd400ce1c2"},
    {file = "bitarray-2.7.2-cp310-cp310-musllinux_1_1_ppc64le.whl", hash = "sha256:ade050784d9e6a4a6a05601eaef01147943ef0a47599abd9af26ee99f9757aaa"},
    {file = "bitarray-2.7.2-cp310-cp310-musllinux_1_1_s390x.whl", hash = "sha256:788538fd23db859472baf15e547112fb91dad987fb183d701192ee5d74b221dd"},
    {file = "bitarray-2.7.2-cp310-cp310-musllinux_1_1_x86_64.whl", hash = "sha256:499ca055ba6b61a1e6a961af9929dd67e3de0cfce362a4d57edd2da7668f7296"},
    {file = "bitarray-2.7.2-cp310-cp310-win32.whl", hash = "sha256:998366fe820153ab3b5392b7f8f8885a6f621978f780d6c2eb9cfd57ae32ce3d"},
    {file = "bitarray-2.7.2-cp310-cp310-win_amd64.whl", hash = "sha256:cd66dc118fd97214ac5f5a8ad89721ec7b598a64acb3f1c489bd76719c91bbdf"},
    {file = "bitarray-2.7.2-cp311-cp311-macosx_10_9_universal2.whl", hash = "sha256:4daaf03c5f00c56d57d6c1df6fe3dcf5737691c8273ebd6c29e0067d26566a1c"},
    {file = "bitarray-2.7.2-cp311-cp311-macosx_10_9_x86_64.whl", hash = "sha256:f081ea4f9e15df0abdaebad8c80e650bf531e380fa631711243077b86b82dd8f"},
    {file = "bitarray-2.7.2-cp311-cp311-macosx_11_0_arm64.whl", hash = "sha256:29a9c8d8a423d7a72e4530ce8870bd9056a6ce4f07906895b395fcdb44fef377"},
    {file = "bitarray-2.7.2-cp311-cp311-manylinux_2_17_aarch64.manylinux2014_aarch64.whl", hash = "sha256:bbc4b4a2fc44f5c6d75546c96df4f89b5870ac6bc4e51b76d0dcb0d7f9e6ccb4"},
    {file = "bitarray-2.7.2-cp311-cp311-manylinux_2_17_ppc64le.manylinux2014_ppc64le.whl", hash = "sha256:1ab8e53945b7bbc287265cfb62d60f3525a1555189deab87c2ad4fda79cee3ac"},
    {file = "bitarray-2.7.2-cp311-cp311-manylinux_2_17_s390x.manylinux2014_s390x.whl", hash = "sha256:34c179e7845687125a582c1e46d92bff1eee2b2ee18190329699387324fb9dad"},
    {file = "bitarray-2.7.2-cp311-cp311-manylinux_2_17_x86_64.manylinux2014_x86_64.whl", hash = "sha256:a0061d7061ce1b3dccc5abced2bfb45298ef442d9e2b7993eef77cbc8b35afb1"},
    {file = "bitarray-2.7.2-cp311-cp311-manylinux_2_5_i686.manylinux1_i686.manylinux_2_17_i686.manylinux2014_i686.whl", hash = "sha256:2a550c9e7ca35bebddc3585e844b0d973ee35b402dca5287e7837a105045f707"},
    {file = "bitarray-2.7.2-cp311-cp311-musllinux_1_1_aarch64.whl", hash = "sha256:b53c34c913193e6f57bce9947170a81f58dd5bf07ea3b69fccade108ea590205"},
    {file = "bitarray-2.7.2-cp311-cp311-musllinux_1_1_i686.whl", hash = "sha256:5614eb025f246392c28b32bc60b62d1e3c2794e3dc03a06605fc33cff6192746"},
    {file = "bitarray-2.7.2-cp311-cp311-musllinux_1_1_ppc64le.whl", hash = "sha256:ad2d9cca627ca1033a97ab26bd9039f6f89c45c9490dc99bce4172553caa6b6f"},
    {file = "bitarray-2.7.2-cp311-cp311-musllinux_1_1_s390x.whl", hash = "sha256:2493ef17136c779b2842d3eeaff64133b8c28cf58c196e90af8d26ebaa06d7b6"},
    {file = "bitarray-2.7.2-cp311-cp311-musllinux_1_1_x86_64.whl", hash = "sha256:35df09a127333f7bdd5aa362c33ed1676545b78bf270b9258c6fdb2f994c3e6e"},
    {file = "bitarray-2.7.2-cp311-cp311-win32.whl", hash = "sha256:2f65ad161a49e2ebb6249c11f60a62717c26261efeba0d4f78565853c159c9f3"},
    {file = "bitarray-2.7.2-cp311-cp311-win_amd64.whl", hash = "sha256:9e100fc421660e06c2f4b7b534a04b7afcc3e988acf57c795fc3274611d1eae9"},
    {file = "bitarray-2.7.2-cp36-cp36m-macosx_10_9_x86_64.whl", hash = "sha256:acba84b9f53a4c363708291a7ae92bd74ac5a1bd07911e282dd8cef725e3d1ca"},
    {file = "bitarray-2.7.2-cp36-cp36m-manylinux_2_17_aarch64.manylinux2014_aarch64.whl", hash = "sha256:7d4132c5a290e9fb5b24819a55839e584433a92b7a9ae5bb8840ebbf01360dd9"},
    {file = "bitarray-2.7.2-cp36-cp36m-manylinux_2_17_ppc64le.manylinux2014_ppc64le.whl", hash = "sha256:e9e01564f13ff21fe1c0bc159b3e3c5d4de7f967b1c8bb8eb16fca1bb745950b"},
    {file = "bitarray-2.7.2-cp36-cp36m-manylinux_2_17_s390x.manylinux2014_s390x.whl", hash = "sha256:a939968a81d944b5a6fcbe1ff8fa40044c677549cae2e7e2c94bac7aec02a42d"},
    {file = "bitarray-2.7.2-cp36-cp36m-manylinux_2_17_x86_64.manylinux2014_x86_64.whl", hash = "sha256:ae8ce3e62a868435daa107121fe2e3ef54d046de68c42e77820380e82d167cbb"},
    {file = "bitarray-2.7.2-cp36-cp36m-manylinux_2_5_i686.manylinux1_i686.manylinux_2_17_i686.manylinux2014_i686.whl", hash = "sha256:3d0f62487a9e9f27fdb8a9e831d901cc28d7e99a0f1812256df688cec4b267f7"},
    {file = "bitarray-2.7.2-cp36-cp36m-musllinux_1_1_aarch64.whl", hash = "sha256:c68b0fc1983704b877cd64e26ea8623b77fc5c7a0d501d15a0ce3905936485df"},
    {file = "bitarray-2.7.2-cp36-cp36m-musllinux_1_1_i686.whl", hash = "sha256:5b1359da9071910d87ea0a0bac9eec933604238ae4cbfac9912137b00498416e"},
    {file = "bitarray-2.7.2-cp36-cp36m-musllinux_1_1_ppc64le.whl", hash = "sha256:ffb7c394e7b313bf74896d17143c287d2d055f738373409dcb28ed41d564edba"},
    {file = "bitarray-2.7.2-cp36-cp36m-musllinux_1_1_s390x.whl", hash = "sha256:7c978ac92e1ef230c6fea1175300261634def47966d2757b831300b0566fa3dc"},
    {file = "bitarray-2.7.2-cp36-cp36m-musllinux_1_1_x86_64.whl", hash = "sha256:93c6bd3658fa997b5ad84a5bfecd8b4d3a8feef9da96ddbf9d83b2cb8fc0f8aa"},
    {file = "bitarray-2.7.2-cp36-cp36m-win32.whl", hash = "sha256:ec9f24b31276e10441e2aec6a5d75cbb9670e82a1c14258cca505e8ef173e52a"},
    {file = "bitarray-2.7.2-cp36-cp36m-win_amd64.whl", hash = "sha256:0d418c0b9df98ad4b2fe8e43c47e32571061d1258da5bc1381d67a5dc48c8928"},
    {file = "bitarray-2.7.2-cp37-cp37m-macosx_10_9_x86_64.whl", hash = "sha256:3e973115d49fe996bbb1c1c3c9ef3bcb574fed143c28b710be694ea86c3fbe60"},
    {file = "bitarray-2.7.2-cp37-cp37m-manylinux_2_17_aarch64.manylinux2014_aarch64.whl", hash = "sha256:698cbb06a243fcb01c21031860644568ae3e87d2f837a17f5565bc8b840ad886"},
    {file = "bitarray-2.7.2-cp37-cp37m-manylinux_2_17_ppc64le.manylinux2014_ppc64le.whl", hash = "sha256:a036c9cb40724f6ff81626a1159a3da9f57ee4d1b8448fc339cdca545e4f2313"},
    {file = "bitarray-2.7.2-cp37-cp37m-manylinux_2_17_s390x.manylinux2014_s390x.whl", hash = "sha256:dc9ce35a0e12ef9bd3da5985adb9d36e9fd16b2d94abfe00c117c492e427cb96"},
    {file = "bitarray-2.7.2-cp37-cp37m-manylinux_2_17_x86_64.manylinux2014_x86_64.whl", hash = "sha256:6adb9fe0c6ab4df89f4c3243aa9825add9f5e6581c879645a72eb707e7939276"},
    {file = "bitarray-2.7.2-cp37-cp37m-manylinux_2_5_i686.manylinux1_i686.manylinux_2_17_i686.manylinux2014_i686.whl", hash = "sha256:b67aac815eb0f2b076cf60a6bc0185b01f5d2fef5996765cc8397d7829ec397a"},
    {file = "bitarray-2.7.2-cp37-cp37m-musllinux_1_1_aarch64.whl", hash = "sha256:620c6d92914e19be959ee12b09d0fa7e653688565aeb4bd3ca8eef816ed6c105"},
    {file = "bitarray-2.7.2-cp37-cp37m-musllinux_1_1_i686.whl", hash = "sha256:300eeb5e15aba56e25a1aa5df127709796f0ac6674974d0e44e396cde5928f6b"},
    {file = "bitarray-2.7.2-cp37-cp37m-musllinux_1_1_ppc64le.whl", hash = "sha256:295681a8b9a32bc12c08919e5c0fa80b69745771ae6f9eed3c1964f3d2c127a5"},
    {file = "bitarray-2.7.2-cp37-cp37m-musllinux_1_1_s390x.whl", hash = "sha256:deba5826868c8694538b469f605860ce1fec16e81cd36b0a081b69b79b899cae"},
    {file = "bitarray-2.7.2-cp37-cp37m-musllinux_1_1_x86_64.whl", hash = "sha256:7368296a74a74c4b563ceca03d5ee86e25ab987f43cb833d0abffb183134e641"},
    {file = "bitarray-2.7.2-cp37-cp37m-win32.whl", hash = "sha256:e3cb66abca1db3a3a97c67557c247e7f2ff5962d595262cb5c0dc9fdeb4b6ceb"},
    {file = "bitarray-2.7.2-cp37-cp37m-win_amd64.whl", hash = "sha256:add21aa6db4bfb43e4c038846332f183add249938acf14b19c9d28363921e79b"},
    {file = "bitarray-2.7.2-cp38-cp38-macosx_10_9_universal2.whl", hash = "sha256:668d3bfad265598c14428ae767509dcbf5f5e37fd759851b311ad26fa9de95d2"},
    {file = "bitarray-2.7.2-cp38-cp38-macosx_10_9_x86_64.whl", hash = "sha256:169f8739bec3021f590979e02a19f85ea6ab59b77bd6dd9fb0071dde144ac1b6"},
    {file = "bitarray-2.7.2-cp38-cp38-macosx_11_0_arm64.whl", hash = "sha256:41318ef42fb2178551f1e323d6356872051cda420155df2ef646190b8736364c"},
    {file = "bitarray-2.7.2-cp38-cp38-manylinux_2_17_aarch64.manylinux2014_aarch64.whl", hash = "sha256:2d95e74e815a38a1ce8a4b4c23516cc60d40d30ec75550fb22ea37d23cf6439b"},
    {file = "bitarray-2.7.2-cp38-cp38-manylinux_2_17_ppc64le.manylinux2014_ppc64le.whl", hash = "sha256:15f420819542e061a5c3801287ab582d15b47a4cdd984c58f160d48755c86997"},
    {file = "bitarray-2.7.2-cp38-cp38-manylinux_2_17_s390x.manylinux2014_s390x.whl", hash = "sha256:2ce7e716f116d2b857d50723166e307aae685ee7ffaef6e51c3bc9dfde099442"},
    {file = "bitarray-2.7.2-cp38-cp38-manylinux_2_17_x86_64.manylinux2014_x86_64.whl", hash = "sha256:b3c44bb59bcfa041f0b1a44d3a7e12c30d107b498d89e60c25b64e792a0fe917"},
    {file = "bitarray-2.7.2-cp38-cp38-manylinux_2_5_i686.manylinux1_i686.manylinux_2_17_i686.manylinux2014_i686.whl", hash = "sha256:34b626d4b16a946eb374f3f1c7c216d6731a95325d728aa4d6f24947a6a77e38"},
    {file = "bitarray-2.7.2-cp38-cp38-musllinux_1_1_aarch64.whl", hash = "sha256:29b3a6690aed914142f8daae4429fa41932f16d609d0b49b5bedf6781638b3a9"},
    {file = "bitarray-2.7.2-cp38-cp38-musllinux_1_1_i686.whl", hash = "sha256:e7e152dd8d805d8950ffde3f004b1fc170f48ab2fab2410ecacbf74ee471fca7"},
    {file = "bitarray-2.7.2-cp38-cp38-musllinux_1_1_ppc64le.whl", hash = "sha256:4ccd6e6d99fa9e7a78f00b6fde3db01c7963dbbfd775fba4e46a5c6a44768429"},
    {file = "bitarray-2.7.2-cp38-cp38-musllinux_1_1_s390x.whl", hash = "sha256:0d9a10645bab89dc63ff33da53be3203358c434a6c8a47ab284bd3981b34c08c"},
    {file = "bitarray-2.7.2-cp38-cp38-musllinux_1_1_x86_64.whl", hash = "sha256:4b768d6826d4b8f00f0ee0910ee1236272bc9456a5ed6575e6e235719b773ee8"},
    {file = "bitarray-2.7.2-cp38-cp38-win32.whl", hash = "sha256:8d577d9a4efbed15b732e98e7fa4d6b76f2591b4935855f52556e5dd61b4bf09"},
    {file = "bitarray-2.7.2-cp38-cp38-win_amd64.whl", hash = "sha256:c532942da8d3f5ac189084b7944ec13245eaf18361f902ae44636492d4744189"},
    {file = "bitarray-2.7.2-cp39-cp39-macosx_10_9_universal2.whl", hash = "sha256:2e41ab09b62b1d20c5b1f22ed63a69ab53cf48266ecaad7d6264064a90978754"},
    {file = "bitarray-2.7.2-cp39-cp39-macosx_10_9_x86_64.whl", hash = "sha256:d45271681c4da3b15967ef5c1f8c45c74d138cbffe4184638b4fdd1ace9ea7cf"},
    {file = "bitarray-2.7.2-cp39-cp39-macosx_11_0_arm64.whl", hash = "sha256:e1249f3fc6a8cc6c2ab366afa4d057edea73cf96d37ca28c5268a7d2b03a4d83"},
    {file = "bitarray-2.7.2-cp39-cp39-manylinux_2_17_aarch64.manylinux2014_aarch64.whl", hash = "sha256:3f416ac15e8e4c0d6dfb1d50be971f7aa605959844f2190f642a0219708426c6"},
    {file = "bitarray-2.7.2-cp39-cp39-manylinux_2_17_ppc64le.manylinux2014_ppc64le.whl", hash = "sha256:8357f74c5b0629bbcdc2e38265c7cfb00542baabbbc60a7bec217531ba780e78"},
    {file = "bitarray-2.7.2-cp39-cp39-manylinux_2_17_s390x.manylinux2014_s390x.whl", hash = "sha256:650564f4d0a77189a47bd619fcac8feaa0e79f5f7e3e19a60f55ccf1f44a2023"},
    {file = "bitarray-2.7.2-cp39-cp39-manylinux_2_17_x86_64.manylinux2014_x86_64.whl", hash = "sha256:a2dcd3e54579042764d56cdefc84d9c873be6678393a56e5adf6ec0bfbc43c0d"},
    {file = "bitarray-2.7.2-cp39-cp39-manylinux_2_5_i686.manylinux1_i686.manylinux_2_17_i686.manylinux2014_i686.whl", hash = "sha256:e918898d81803b1d3e29955e00cb640dae716080ef01d8454f3cfd9a85030819"},
    {file = "bitarray-2.7.2-cp39-cp39-musllinux_1_1_aarch64.whl", hash = "sha256:0f6e02cdabdc9de9a5722cab8cc4415dd58b0af8b4c0310f5049f6b242242f64"},
    {file = "bitarray-2.7.2-cp39-cp39-musllinux_1_1_i686.whl", hash = "sha256:3dde864b003eecf49436bef4dbebc7494c328301fb47cf92bda02ab47802c9a9"},
    {file = "bitarray-2.7.2-cp39-cp39-musllinux_1_1_ppc64le.whl", hash = "sha256:5565dd567f4552cab17b3326c5fd45b1f0176665a0ea5a1ac7fc1c84a505bd3b"},
    {file = "bitarray-2.7.2-cp39-cp39-musllinux_1_1_s390x.whl", hash = "sha256:e85e4294e9e5fd25e37973ea0d6ceca8a599be28e203e5e81449e471d42db30d"},
    {file = "bitarray-2.7.2-cp39-cp39-musllinux_1_1_x86_64.whl", hash = "sha256:d4239e4f77e0cbde4ef876fdfdfd04f84dbd1e321c1b69705a3d8f6f205fe9e4"},
    {file = "bitarray-2.7.2-cp39-cp39-win32.whl", hash = "sha256:637eada6f1ecbd1bfd4e74c84c97530a81dfa9e7b425de8a84345a20e46f459b"},
    {file = "bitarray-2.7.2-cp39-cp39-win_amd64.whl", hash = "sha256:5a67b520b51779376e15939ee95d83730404088adfb1d2ed6105a5b466e341c0"},
    {file = "bitarray-2.7.2.tar.gz", hash = "sha256:7ea42120162bc089a169c58039ce2f0198b5d9bb6cac7c076c3035176335811c"},
]
colorama = [
    {file = "colorama-0.4.6-py2.py3-none-any.whl", hash = "sha256:4f1d9991f5acc0ca119f9d443620b77f9d6b33703e51011c16baf57afb285fc6"},
    {file = "colorama-0.4.6.tar.gz", hash = "sha256:08695f5cb7ed6e0531a20572697297273c47b8cae5a63ffc6d6ed5c201be6e44"},
]
coverage = [
    {file = "coverage-7.1.0-cp310-cp310-macosx_10_9_x86_64.whl", hash = "sha256:3b946bbcd5a8231383450b195cfb58cb01cbe7f8949f5758566b881df4b33baf"},
    {file = "coverage-7.1.0-cp310-cp310-macosx_11_0_arm64.whl", hash = "sha256:ec8e767f13be637d056f7e07e61d089e555f719b387a7070154ad80a0ff31801"},
    {file = "coverage-7.1.0-cp310-cp310-manylinux_2_17_aarch64.manylinux2014_aarch64.whl", hash = "sha256:d4a5a5879a939cb84959d86869132b00176197ca561c664fc21478c1eee60d75"},
    {file = "coverage-7.1.0-cp310-cp310-manylinux_2_5_i686.manylinux1_i686.manylinux_2_17_i686.manylinux2014_i686.whl", hash = "sha256:b643cb30821e7570c0aaf54feaf0bfb630b79059f85741843e9dc23f33aaca2c"},
    {file = "coverage-7.1.0-cp310-cp310-manylinux_2_5_x86_64.manylinux1_x86_64.manylinux_2_17_x86_64.manylinux2014_x86_64.whl", hash = "sha256:32df215215f3af2c1617a55dbdfb403b772d463d54d219985ac7cd3bf124cada"},
    {file = "coverage-7.1.0-cp310-cp310-musllinux_1_1_aarch64.whl", hash = "sha256:33d1ae9d4079e05ac4cc1ef9e20c648f5afabf1a92adfaf2ccf509c50b85717f"},
    {file = "coverage-7.1.0-cp310-cp310-musllinux_1_1_i686.whl", hash = "sha256:29571503c37f2ef2138a306d23e7270687c0efb9cab4bd8038d609b5c2393a3a"},
    {file = "coverage-7.1.0-cp310-cp310-musllinux_1_1_x86_64.whl", hash = "sha256:63ffd21aa133ff48c4dff7adcc46b7ec8b565491bfc371212122dd999812ea1c"},
    {file = "coverage-7.1.0-cp310-cp310-win32.whl", hash = "sha256:4b14d5e09c656de5038a3f9bfe5228f53439282abcab87317c9f7f1acb280352"},
    {file = "coverage-7.1.0-cp310-cp310-win_amd64.whl", hash = "sha256:8361be1c2c073919500b6601220a6f2f98ea0b6d2fec5014c1d9cfa23dd07038"},
    {file = "coverage-7.1.0-cp311-cp311-macosx_10_9_x86_64.whl", hash = "sha256:da9b41d4539eefd408c46725fb76ecba3a50a3367cafb7dea5f250d0653c1040"},
    {file = "coverage-7.1.0-cp311-cp311-macosx_11_0_arm64.whl", hash = "sha256:c5b15ed7644ae4bee0ecf74fee95808dcc34ba6ace87e8dfbf5cb0dc20eab45a"},
    {file = "coverage-7.1.0-cp311-cp311-manylinux_2_17_aarch64.manylinux2014_aarch64.whl", hash = "sha256:d12d076582507ea460ea2a89a8c85cb558f83406c8a41dd641d7be9a32e1274f"},
    {file = "coverage-7.1.0-cp311-cp311-manylinux_2_5_i686.manylinux1_i686.manylinux_2_17_i686.manylinux2014_i686.whl", hash = "sha256:e2617759031dae1bf183c16cef8fcfb3de7617f394c813fa5e8e46e9b82d4222"},
    {file = "coverage-7.1.0-cp311-cp311-manylinux_2_5_x86_64.manylinux1_x86_64.manylinux_2_17_x86_64.manylinux2014_x86_64.whl", hash = "sha256:c4e4881fa9e9667afcc742f0c244d9364d197490fbc91d12ac3b5de0bf2df146"},
    {file = "coverage-7.1.0-cp311-cp311-musllinux_1_1_aarch64.whl", hash = "sha256:9d58885215094ab4a86a6aef044e42994a2bd76a446dc59b352622655ba6621b"},
    {file = "coverage-7.1.0-cp311-cp311-musllinux_1_1_i686.whl", hash = "sha256:ffeeb38ee4a80a30a6877c5c4c359e5498eec095878f1581453202bfacc8fbc2"},
    {file = "coverage-7.1.0-cp311-cp311-musllinux_1_1_x86_64.whl", hash = "sha256:3baf5f126f30781b5e93dbefcc8271cb2491647f8283f20ac54d12161dff080e"},
    {file = "coverage-7.1.0-cp311-cp311-win32.whl", hash = "sha256:ded59300d6330be27bc6cf0b74b89ada58069ced87c48eaf9344e5e84b0072f7"},
    {file = "coverage-7.1.0-cp311-cp311-win_amd64.whl", hash = "sha256:6a43c7823cd7427b4ed763aa7fb63901ca8288591323b58c9cd6ec31ad910f3c"},
    {file = "coverage-7.1.0-cp37-cp37m-macosx_10_9_x86_64.whl", hash = "sha256:7a726d742816cb3a8973c8c9a97539c734b3a309345236cd533c4883dda05b8d"},
    {file = "coverage-7.1.0-cp37-cp37m-manylinux_2_17_aarch64.manylinux2014_aarch64.whl", hash = "sha256:bc7c85a150501286f8b56bd8ed3aa4093f4b88fb68c0843d21ff9656f0009d6a"},
    {file = "coverage-7.1.0-cp37-cp37m-manylinux_2_5_i686.manylinux1_i686.manylinux_2_17_i686.manylinux2014_i686.whl", hash = "sha256:f5b4198d85a3755d27e64c52f8c95d6333119e49fd001ae5798dac872c95e0f8"},
    {file = "coverage-7.1.0-cp37-cp37m-manylinux_2_5_x86_64.manylinux1_x86_64.manylinux_2_17_x86_64.manylinux2014_x86_64.whl", hash = "sha256:ddb726cb861c3117a553f940372a495fe1078249ff5f8a5478c0576c7be12050"},
    {file = "coverage-7.1.0-cp37-cp37m-musllinux_1_1_aarch64.whl", hash = "sha256:51b236e764840a6df0661b67e50697aaa0e7d4124ca95e5058fa3d7cbc240b7c"},
    {file = "coverage-7.1.0-cp37-cp37m-musllinux_1_1_i686.whl", hash = "sha256:7ee5c9bb51695f80878faaa5598040dd6c9e172ddcf490382e8aedb8ec3fec8d"},
    {file = "coverage-7.1.0-cp37-cp37m-musllinux_1_1_x86_64.whl", hash = "sha256:c31b75ae466c053a98bf26843563b3b3517b8f37da4d47b1c582fdc703112bc3"},
    {file = "coverage-7.1.0-cp37-cp37m-win32.whl", hash = "sha256:3b155caf3760408d1cb903b21e6a97ad4e2bdad43cbc265e3ce0afb8e0057e73"},
    {file = "coverage-7.1.0-cp37-cp37m-win_amd64.whl", hash = "sha256:2a60d6513781e87047c3e630b33b4d1e89f39836dac6e069ffee28c4786715f5"},
    {file = "coverage-7.1.0-cp38-cp38-macosx_10_9_x86_64.whl", hash = "sha256:f2cba5c6db29ce991029b5e4ac51eb36774458f0a3b8d3137241b32d1bb91f06"},
    {file = "coverage-7.1.0-cp38-cp38-macosx_11_0_arm64.whl", hash = "sha256:beeb129cacea34490ffd4d6153af70509aa3cda20fdda2ea1a2be870dfec8d52"},
    {file = "coverage-7.1.0-cp38-cp38-manylinux_2_17_aarch64.manylinux2014_aarch64.whl", hash = "sha256:0c45948f613d5d18c9ec5eaa203ce06a653334cf1bd47c783a12d0dd4fd9c851"},
    {file = "coverage-7.1.0-cp38-cp38-manylinux_2_5_i686.manylinux1_i686.manylinux_2_17_i686.manylinux2014_i686.whl", hash = "sha256:ef382417db92ba23dfb5864a3fc9be27ea4894e86620d342a116b243ade5d35d"},
    {file = "coverage-7.1.0-cp38-cp38-manylinux_2_5_x86_64.manylinux1_x86_64.manylinux_2_17_x86_64.manylinux2014_x86_64.whl", hash = "sha256:7c7c0d0827e853315c9bbd43c1162c006dd808dbbe297db7ae66cd17b07830f0"},
    {file = "coverage-7.1.0-cp38-cp38-musllinux_1_1_aarch64.whl", hash = "sha256:e5cdbb5cafcedea04924568d990e20ce7f1945a1dd54b560f879ee2d57226912"},
    {file = "coverage-7.1.0-cp38-cp38-musllinux_1_1_i686.whl", hash = "sha256:9817733f0d3ea91bea80de0f79ef971ae94f81ca52f9b66500c6a2fea8e4b4f8"},
    {file = "coverage-7.1.0-cp38-cp38-musllinux_1_1_x86_64.whl", hash = "sha256:218fe982371ac7387304153ecd51205f14e9d731b34fb0568181abaf7b443ba0"},
    {file = "coverage-7.1.0-cp38-cp38-win32.whl", hash = "sha256:04481245ef966fbd24ae9b9e537ce899ae584d521dfbe78f89cad003c38ca2ab"},
    {file = "coverage-7.1.0-cp38-cp38-win_amd64.whl", hash = "sha256:8ae125d1134bf236acba8b83e74c603d1b30e207266121e76484562bc816344c"},
    {file = "coverage-7.1.0-cp39-cp39-macosx_10_9_x86_64.whl", hash = "sha256:2bf1d5f2084c3932b56b962a683074a3692bce7cabd3aa023c987a2a8e7612f6"},
    {file = "coverage-7.1.0-cp39-cp39-macosx_11_0_arm64.whl", hash = "sha256:98b85dd86514d889a2e3dd22ab3c18c9d0019e696478391d86708b805f4ea0fa"},
    {file = "coverage-7.1.0-cp39-cp39-manylinux_2_17_aarch64.manylinux2014_aarch64.whl", hash = "sha256:38da2db80cc505a611938d8624801158e409928b136c8916cd2e203970dde4dc"},
    {file = "coverage-7.1.0-cp39-cp39-manylinux_2_5_i686.manylinux1_i686.manylinux_2_17_i686.manylinux2014_i686.whl", hash = "sha256:3164d31078fa9efe406e198aecd2a02d32a62fecbdef74f76dad6a46c7e48311"},
    {file = "coverage-7.1.0-cp39-cp39-manylinux_2_5_x86_64.manylinux1_x86_64.manylinux_2_17_x86_64.manylinux2014_x86_64.whl", hash = "sha256:db61a79c07331e88b9a9974815c075fbd812bc9dbc4dc44b366b5368a2936063"},
    {file = "coverage-7.1.0-cp39-cp39-musllinux_1_1_aarch64.whl", hash = "sha256:9ccb092c9ede70b2517a57382a601619d20981f56f440eae7e4d7eaafd1d1d09"},
    {file = "coverage-7.1.0-cp39-cp39-musllinux_1_1_i686.whl", hash = "sha256:33ff26d0f6cc3ca8de13d14fde1ff8efe1456b53e3f0273e63cc8b3c84a063d8"},
    {file = "coverage-7.1.0-cp39-cp39-musllinux_1_1_x86_64.whl", hash = "sha256:d47dd659a4ee952e90dc56c97d78132573dc5c7b09d61b416a9deef4ebe01a0c"},
    {file = "coverage-7.1.0-cp39-cp39-win32.whl", hash = "sha256:d248cd4a92065a4d4543b8331660121b31c4148dd00a691bfb7a5cdc7483cfa4"},
    {file = "coverage-7.1.0-cp39-cp39-win_amd64.whl", hash = "sha256:7ed681b0f8e8bcbbffa58ba26fcf5dbc8f79e7997595bf071ed5430d8c08d6f3"},
    {file = "coverage-7.1.0-pp37.pp38.pp39-none-any.whl", hash = "sha256:755e89e32376c850f826c425ece2c35a4fc266c081490eb0a841e7c1cb0d3bda"},
    {file = "coverage-7.1.0.tar.gz", hash = "sha256:10188fe543560ec4874f974b5305cd1a8bdcfa885ee00ea3a03733464c4ca265"},
]
exceptiongroup = [
    {file = "exceptiongroup-1.1.0-py3-none-any.whl", hash = "sha256:327cbda3da756e2de031a3107b81ab7b3770a602c4d16ca618298c526f4bec1e"},
    {file = "exceptiongroup-1.1.0.tar.gz", hash = "sha256:bcb67d800a4497e1b404c2dd44fca47d3b7a5e5433dbab67f96c1a685cdfdf23"},
]
importlib-metadata = [
    {file = "importlib_metadata-6.0.0-py3-none-any.whl", hash = "sha256:7efb448ec9a5e313a57655d35aa54cd3e01b7e1fbcf72dce1bf06119420f5bad"},
    {file = "importlib_metadata-6.0.0.tar.gz", hash = "sha256:e354bedeb60efa6affdcc8ae121b73544a7aa74156d047311948f6d711cd378d"},
]
iniconfig = [
    {file = "iniconfig-2.0.0-py3-none-any.whl", hash = "sha256:b6a85871a79d2e3b22d2d1b94ac2824226a63c6b741c88f7ae975f18b6778374"},
    {file = "iniconfig-2.0.0.tar.gz", hash = "sha256:2d91e135bf72d31a410b17c16da610a82cb55f6b0477d1a902134b24a455b8b3"},
]
packaging = [
    {file = "packaging-23.0-py3-none-any.whl", hash = "sha256:714ac14496c3e68c99c29b00845f7a2b85f3bb6f1078fd9f72fd20f0570002b2"},
    {file = "packaging-23.0.tar.gz", hash = "sha256:b6ad297f8907de0fa2fe1ccbd26fdaf387f5f47c7275fedf8cce89f99446cf97"},
]
pluggy = [
    {file = "pluggy-1.0.0-py2.py3-none-any.whl", hash = "sha256:74134bbf457f031a36d68416e1509f34bd5ccc019f0bcc952c7b909d06b37bd3"},
    {file = "pluggy-1.0.0.tar.gz", hash = "sha256:4224373bacce55f955a878bf9cfa763c1e360858e330072059e10bad68531159"},
]
pytest = [
    {file = "pytest-7.2.1-py3-none-any.whl", hash = "sha256:c7c6ca206e93355074ae32f7403e8ea12163b1163c976fee7d4d84027c162be5"},
    {file = "pytest-7.2.1.tar.gz", hash = "sha256:d45e0952f3727241918b8fd0f376f5ff6b301cc0777c6f9a556935c92d8a7d42"},
]
tomli = [
    {file = "tomli-2.0.1-py3-none-any.whl", hash = "sha256:939de3e7a6161af0c887ef91b7d41a53e7c5a1ca976325f429cb46ea9bc30ecc"},
    {file = "tomli-2.0.1.tar.gz", hash = "sha256:de526c12914f0c550d15924c62d72abc48d6fe7364aa87328337a31007fe8a4f"},
]
typing-extensions = [
    {file = "typing_extensions-4.5.0-py3-none-any.whl", hash = "sha256:fb33085c39dd998ac16d1431ebc293a8b3eedd00fd4a32de0ff79002c19511b4"},
    {file = "typing_extensions-4.5.0.tar.gz", hash = "sha256:5cb5f4a79139d699607b3ef622a1dedafa84e115ab0024e0d9c044a9479ca7cb"},
]
zipp = [
    {file = "zipp-3.14.0-py3-none-any.whl", hash = "sha256:188834565033387710d046e3fe96acfc9b5e86cbca7f39ff69cf21a4128198b7"},
    {file = "zipp-3.14.0.tar.gz", hash = "sha256:9e5421e176ef5ab4c0ad896624e87a7b2f07aca746c9b2aa305952800cb8eecb"},
]
